// !$*UTF8*$!
{
	archiveVersion = 1;
	classes = {
	};
	objectVersion = 51;
	objects = {

/* Begin PBXBuildFile section */
		7D77871FF7932D8A4A9E40BF /* Pods_TV_Shows.framework in Frameworks */ = {isa = PBXBuildFile; fileRef = 567C6EE72ACF7F4E16ED19AE /* Pods_TV_Shows.framework */; };
		D609219926975F630025C29B /* AppDelegate.swift in Sources */ = {isa = PBXBuildFile; fileRef = D609219826975F630025C29B /* AppDelegate.swift */; };
		D60921A226975F640025C29B /* Assets.xcassets in Resources */ = {isa = PBXBuildFile; fileRef = D60921A126975F640025C29B /* Assets.xcassets */; };
		D60921A526975F640025C29B /* LaunchScreen.storyboard in Resources */ = {isa = PBXBuildFile; fileRef = D60921A326975F640025C29B /* LaunchScreen.storyboard */; };
		D6204DD426B812E7009A38D2 /* NotificationExtesnsions.swift in Sources */ = {isa = PBXBuildFile; fileRef = D6204DD326B812E7009A38D2 /* NotificationExtesnsions.swift */; };
		D63374AD26ADB23E00FCABA6 /* Constants.swift in Sources */ = {isa = PBXBuildFile; fileRef = D63374AC26ADB23E00FCABA6 /* Constants.swift */; };
		D636924526A8A08900C71E4E /* HomeService.swift in Sources */ = {isa = PBXBuildFile; fileRef = D636924426A8A08900C71E4E /* HomeService.swift */; };
		D636924726A8A34D00C71E4E /* ShowResponse.swift in Sources */ = {isa = PBXBuildFile; fileRef = D636924626A8A34D00C71E4E /* ShowResponse.swift */; };
		D636924926A8BA7000C71E4E /* TVShowTableViewCell.swift in Sources */ = {isa = PBXBuildFile; fileRef = D636924826A8BA7000C71E4E /* TVShowTableViewCell.swift */; };
		D636924B26A8BB9800C71E4E /* TVShowItem.swift in Sources */ = {isa = PBXBuildFile; fileRef = D636924A26A8BB9800C71E4E /* TVShowItem.swift */; };
		D66FEFE226B6FB8B00D4D6C1 /* KeychainService.swift in Sources */ = {isa = PBXBuildFile; fileRef = D66FEFE126B6FB8B00D4D6C1 /* KeychainService.swift */; };
		D66FEFE526B709E300D4D6C1 /* Profile.storyboard in Resources */ = {isa = PBXBuildFile; fileRef = D66FEFE426B709E300D4D6C1 /* Profile.storyboard */; };
		D66FEFE726B709EF00D4D6C1 /* ProfileViewController.swift in Sources */ = {isa = PBXBuildFile; fileRef = D66FEFE626B709EF00D4D6C1 /* ProfileViewController.swift */; };
		D674127526B094FD006FD98B /* RatingView.swift in Sources */ = {isa = PBXBuildFile; fileRef = D674127426B094FD006FD98B /* RatingView.swift */; };
		D674127A26B09560006FD98B /* ShowDetails.storyboard in Resources */ = {isa = PBXBuildFile; fileRef = D674127926B09560006FD98B /* ShowDetails.storyboard */; };
		D674127C26B0956E006FD98B /* ShowDetailsViewController.swift in Sources */ = {isa = PBXBuildFile; fileRef = D674127B26B0956E006FD98B /* ShowDetailsViewController.swift */; };
		D674127E26B0A07D006FD98B /* ReviewResponse.swift in Sources */ = {isa = PBXBuildFile; fileRef = D674127D26B0A07D006FD98B /* ReviewResponse.swift */; };
		D674128026B0A11F006FD98B /* RatingService.swift in Sources */ = {isa = PBXBuildFile; fileRef = D674127F26B0A11F006FD98B /* RatingService.swift */; };
		D674128226B0A52D006FD98B /* ShowDetailsTopTableViewCell.swift in Sources */ = {isa = PBXBuildFile; fileRef = D674128126B0A52D006FD98B /* ShowDetailsTopTableViewCell.swift */; };
		D67460C126A22DA800CAD34D /* Home.storyboard in Resources */ = {isa = PBXBuildFile; fileRef = D67460C026A22DA800CAD34D /* Home.storyboard */; };
		D67460C326A22DB600CAD34D /* HomeViewController.swift in Sources */ = {isa = PBXBuildFile; fileRef = D67460C226A22DB600CAD34D /* HomeViewController.swift */; };
		D67460C526A22EEE00CAD34D /* UserResponse.swift in Sources */ = {isa = PBXBuildFile; fileRef = D67460C426A22EEE00CAD34D /* UserResponse.swift */; };
		D67460C726A2C71C00CAD34D /* LoginService.swift in Sources */ = {isa = PBXBuildFile; fileRef = D67460C626A2C71C00CAD34D /* LoginService.swift */; };
		D67460CA26A2D6BD00CAD34D /* NetworkManager.swift in Sources */ = {isa = PBXBuildFile; fileRef = D67460C926A2D6BD00CAD34D /* NetworkManager.swift */; };
		D6A9AEDB2699A3BC003D74DE /* Login.storyboard in Resources */ = {isa = PBXBuildFile; fileRef = D6A9AEDA2699A3BC003D74DE /* Login.storyboard */; };
		D6A9AEDD2699A3E7003D74DE /* LoginViewController.swift in Sources */ = {isa = PBXBuildFile; fileRef = D6A9AEDC2699A3E7003D74DE /* LoginViewController.swift */; };
		D6C4745526A731C50027F7F5 /* AuthInfo.swift in Sources */ = {isa = PBXBuildFile; fileRef = D6C4745426A731C50027F7F5 /* AuthInfo.swift */; };
		D6CCCD5326B491060040B889 /* WriteReview.storyboard in Resources */ = {isa = PBXBuildFile; fileRef = D6CCCD5226B491060040B889 /* WriteReview.storyboard */; };
		D6CCCD5626B4911D0040B889 /* WriteReviewViewController.swift in Sources */ = {isa = PBXBuildFile; fileRef = D6CCCD5526B4911D0040B889 /* WriteReviewViewController.swift */; };
		D6CCCD5926B4A8430040B889 /* UIViewControllerExtensions.swift in Sources */ = {isa = PBXBuildFile; fileRef = D6CCCD5826B4A8430040B889 /* UIViewControllerExtensions.swift */; };
		D6EFCC4726B15B0E00EB44DC /* ReviewViewCell.swift in Sources */ = {isa = PBXBuildFile; fileRef = D6EFCC4626B15B0E00EB44DC /* ReviewViewCell.swift */; };
/* End PBXBuildFile section */

/* Begin PBXFileReference section */
		567C6EE72ACF7F4E16ED19AE /* Pods_TV_Shows.framework */ = {isa = PBXFileReference; explicitFileType = wrapper.framework; includeInIndex = 0; path = Pods_TV_Shows.framework; sourceTree = BUILT_PRODUCTS_DIR; };
		D609219526975F630025C29B /* TV Shows.app */ = {isa = PBXFileReference; explicitFileType = wrapper.application; includeInIndex = 0; path = "TV Shows.app"; sourceTree = BUILT_PRODUCTS_DIR; };
		D609219826975F630025C29B /* AppDelegate.swift */ = {isa = PBXFileReference; lastKnownFileType = sourcecode.swift; path = AppDelegate.swift; sourceTree = "<group>"; };
		D60921A126975F640025C29B /* Assets.xcassets */ = {isa = PBXFileReference; lastKnownFileType = folder.assetcatalog; path = Assets.xcassets; sourceTree = "<group>"; };
		D60921A426975F640025C29B /* Base */ = {isa = PBXFileReference; lastKnownFileType = file.storyboard; name = Base; path = Base.lproj/LaunchScreen.storyboard; sourceTree = "<group>"; };
		D60921A626975F640025C29B /* Info.plist */ = {isa = PBXFileReference; lastKnownFileType = text.plist.xml; path = Info.plist; sourceTree = "<group>"; };
		D6204DD326B812E7009A38D2 /* NotificationExtesnsions.swift */ = {isa = PBXFileReference; lastKnownFileType = sourcecode.swift; path = NotificationExtesnsions.swift; sourceTree = "<group>"; };
		D63374AC26ADB23E00FCABA6 /* Constants.swift */ = {isa = PBXFileReference; lastKnownFileType = sourcecode.swift; path = Constants.swift; sourceTree = "<group>"; };
		D636924426A8A08900C71E4E /* HomeService.swift */ = {isa = PBXFileReference; lastKnownFileType = sourcecode.swift; path = HomeService.swift; sourceTree = "<group>"; };
		D636924626A8A34D00C71E4E /* ShowResponse.swift */ = {isa = PBXFileReference; lastKnownFileType = sourcecode.swift; path = ShowResponse.swift; sourceTree = "<group>"; };
		D636924826A8BA7000C71E4E /* TVShowTableViewCell.swift */ = {isa = PBXFileReference; lastKnownFileType = sourcecode.swift; path = TVShowTableViewCell.swift; sourceTree = "<group>"; };
		D636924A26A8BB9800C71E4E /* TVShowItem.swift */ = {isa = PBXFileReference; lastKnownFileType = sourcecode.swift; path = TVShowItem.swift; sourceTree = "<group>"; };
		D66FEFE126B6FB8B00D4D6C1 /* KeychainService.swift */ = {isa = PBXFileReference; lastKnownFileType = sourcecode.swift; path = KeychainService.swift; sourceTree = "<group>"; };
		D66FEFE426B709E300D4D6C1 /* Profile.storyboard */ = {isa = PBXFileReference; lastKnownFileType = file.storyboard; path = Profile.storyboard; sourceTree = "<group>"; };
		D66FEFE626B709EF00D4D6C1 /* ProfileViewController.swift */ = {isa = PBXFileReference; lastKnownFileType = sourcecode.swift; path = ProfileViewController.swift; sourceTree = "<group>"; };
		D674127426B094FD006FD98B /* RatingView.swift */ = {isa = PBXFileReference; fileEncoding = 4; lastKnownFileType = sourcecode.swift; path = RatingView.swift; sourceTree = "<group>"; };
		D674127926B09560006FD98B /* ShowDetails.storyboard */ = {isa = PBXFileReference; lastKnownFileType = file.storyboard; path = ShowDetails.storyboard; sourceTree = "<group>"; };
		D674127B26B0956E006FD98B /* ShowDetailsViewController.swift */ = {isa = PBXFileReference; lastKnownFileType = sourcecode.swift; path = ShowDetailsViewController.swift; sourceTree = "<group>"; };
		D674127D26B0A07D006FD98B /* ReviewResponse.swift */ = {isa = PBXFileReference; lastKnownFileType = sourcecode.swift; path = ReviewResponse.swift; sourceTree = "<group>"; };
		D674127F26B0A11F006FD98B /* RatingService.swift */ = {isa = PBXFileReference; lastKnownFileType = sourcecode.swift; path = RatingService.swift; sourceTree = "<group>"; };
		D674128126B0A52D006FD98B /* ShowDetailsTopTableViewCell.swift */ = {isa = PBXFileReference; lastKnownFileType = sourcecode.swift; path = ShowDetailsTopTableViewCell.swift; sourceTree = "<group>"; };
		D67460C026A22DA800CAD34D /* Home.storyboard */ = {isa = PBXFileReference; lastKnownFileType = file.storyboard; path = Home.storyboard; sourceTree = "<group>"; };
		D67460C226A22DB600CAD34D /* HomeViewController.swift */ = {isa = PBXFileReference; lastKnownFileType = sourcecode.swift; path = HomeViewController.swift; sourceTree = "<group>"; };
		D67460C426A22EEE00CAD34D /* UserResponse.swift */ = {isa = PBXFileReference; lastKnownFileType = sourcecode.swift; path = UserResponse.swift; sourceTree = "<group>"; };
		D67460C626A2C71C00CAD34D /* LoginService.swift */ = {isa = PBXFileReference; lastKnownFileType = sourcecode.swift; path = LoginService.swift; sourceTree = "<group>"; };
		D67460C926A2D6BD00CAD34D /* NetworkManager.swift */ = {isa = PBXFileReference; lastKnownFileType = sourcecode.swift; path = NetworkManager.swift; sourceTree = "<group>"; };
		D6A9AEDA2699A3BC003D74DE /* Login.storyboard */ = {isa = PBXFileReference; lastKnownFileType = file.storyboard; path = Login.storyboard; sourceTree = "<group>"; };
		D6A9AEDC2699A3E7003D74DE /* LoginViewController.swift */ = {isa = PBXFileReference; lastKnownFileType = sourcecode.swift; path = LoginViewController.swift; sourceTree = "<group>"; };
		D6C4745426A731C50027F7F5 /* AuthInfo.swift */ = {isa = PBXFileReference; lastKnownFileType = sourcecode.swift; path = AuthInfo.swift; sourceTree = "<group>"; };
		D6CCCD5226B491060040B889 /* WriteReview.storyboard */ = {isa = PBXFileReference; lastKnownFileType = file.storyboard; path = WriteReview.storyboard; sourceTree = "<group>"; };
		D6CCCD5526B4911D0040B889 /* WriteReviewViewController.swift */ = {isa = PBXFileReference; lastKnownFileType = sourcecode.swift; path = WriteReviewViewController.swift; sourceTree = "<group>"; };
		D6CCCD5826B4A8430040B889 /* UIViewControllerExtensions.swift */ = {isa = PBXFileReference; lastKnownFileType = sourcecode.swift; path = UIViewControllerExtensions.swift; sourceTree = "<group>"; };
		D6EFCC4626B15B0E00EB44DC /* ReviewViewCell.swift */ = {isa = PBXFileReference; lastKnownFileType = sourcecode.swift; path = ReviewViewCell.swift; sourceTree = "<group>"; };
		E08EFF22396F43CB9626F1E6 /* Pods-TV Shows.debug.xcconfig */ = {isa = PBXFileReference; includeInIndex = 1; lastKnownFileType = text.xcconfig; name = "Pods-TV Shows.debug.xcconfig"; path = "Target Support Files/Pods-TV Shows/Pods-TV Shows.debug.xcconfig"; sourceTree = "<group>"; };
		EC3F3403AB6DF147A2B89253 /* Pods-TV Shows.release.xcconfig */ = {isa = PBXFileReference; includeInIndex = 1; lastKnownFileType = text.xcconfig; name = "Pods-TV Shows.release.xcconfig"; path = "Target Support Files/Pods-TV Shows/Pods-TV Shows.release.xcconfig"; sourceTree = "<group>"; };
/* End PBXFileReference section */

/* Begin PBXFrameworksBuildPhase section */
		D609219226975F630025C29B /* Frameworks */ = {
			isa = PBXFrameworksBuildPhase;
			buildActionMask = 2147483647;
			files = (
				7D77871FF7932D8A4A9E40BF /* Pods_TV_Shows.framework in Frameworks */,
			);
			runOnlyForDeploymentPostprocessing = 0;
		};
/* End PBXFrameworksBuildPhase section */

/* Begin PBXGroup section */
		D609218C26975F630025C29B = {
			isa = PBXGroup;
			children = (
				D609219726975F630025C29B /* TV Shows */,
				D609219626975F630025C29B /* Products */,
				FD122DB7A20EF549A0ED4F23 /* Pods */,
				E28608AA4D6B4EAF7221A870 /* Frameworks */,
			);
			sourceTree = "<group>";
		};
		D609219626975F630025C29B /* Products */ = {
			isa = PBXGroup;
			children = (
				D609219526975F630025C29B /* TV Shows.app */,
			);
			name = Products;
			sourceTree = "<group>";
		};
		D609219726975F630025C29B /* TV Shows */ = {
			isa = PBXGroup;
			children = (
				D66FEFE326B709D600D4D6C1 /* Profile */,
				D66FEFE026B6FB7D00D4D6C1 /* Keychain */,
				D6CCCD5726B4A8270040B889 /* Utils */,
				D6CCCD5126B490EE0040B889 /* WriteReview */,
				D674127626B0952C006FD98B /* Details */,
				D674127326B094E4006FD98B /* Review */,
				D67460C826A2D6AF00CAD34D /* Network */,
				D67460BF26A22D7900CAD34D /* Home */,
				D6A9AED92699A385003D74DE /* Login */,
				D609219826975F630025C29B /* AppDelegate.swift */,
				D60921A126975F640025C29B /* Assets.xcassets */,
				D60921A326975F640025C29B /* LaunchScreen.storyboard */,
				D60921A626975F640025C29B /* Info.plist */,
				D63374AC26ADB23E00FCABA6 /* Constants.swift */,
			);
			path = "TV Shows";
			sourceTree = "<group>";
		};
		D66FEFE026B6FB7D00D4D6C1 /* Keychain */ = {
			isa = PBXGroup;
			children = (
				D66FEFE126B6FB8B00D4D6C1 /* KeychainService.swift */,
			);
			path = Keychain;
			sourceTree = "<group>";
		};
		D66FEFE326B709D600D4D6C1 /* Profile */ = {
			isa = PBXGroup;
			children = (
				D66FEFE426B709E300D4D6C1 /* Profile.storyboard */,
				D66FEFE626B709EF00D4D6C1 /* ProfileViewController.swift */,
			);
			path = Profile;
			sourceTree = "<group>";
		};
		D674127326B094E4006FD98B /* Review */ = {
			isa = PBXGroup;
			children = (
				D674127426B094FD006FD98B /* RatingView.swift */,
				D674127D26B0A07D006FD98B /* ReviewResponse.swift */,
				D674127F26B0A11F006FD98B /* RatingService.swift */,
			);
			path = Review;
			sourceTree = "<group>";
		};
		D674127626B0952C006FD98B /* Details */ = {
			isa = PBXGroup;
			children = (
				D674127926B09560006FD98B /* ShowDetails.storyboard */,
				D674127B26B0956E006FD98B /* ShowDetailsViewController.swift */,
				D674128126B0A52D006FD98B /* ShowDetailsTopTableViewCell.swift */,
				D6EFCC4626B15B0E00EB44DC /* ReviewViewCell.swift */,
			);
			path = Details;
			sourceTree = "<group>";
		};
		D67460BF26A22D7900CAD34D /* Home */ = {
			isa = PBXGroup;
			children = (
				D636924626A8A34D00C71E4E /* ShowResponse.swift */,
				D67460C026A22DA800CAD34D /* Home.storyboard */,
				D67460C226A22DB600CAD34D /* HomeViewController.swift */,
				D636924426A8A08900C71E4E /* HomeService.swift */,
				D636924826A8BA7000C71E4E /* TVShowTableViewCell.swift */,
				D636924A26A8BB9800C71E4E /* TVShowItem.swift */,
			);
			path = Home;
			sourceTree = "<group>";
		};
		D67460C826A2D6AF00CAD34D /* Network */ = {
			isa = PBXGroup;
			children = (
				D67460C926A2D6BD00CAD34D /* NetworkManager.swift */,
				D6C4745426A731C50027F7F5 /* AuthInfo.swift */,
			);
			path = Network;
			sourceTree = "<group>";
		};
		D6A9AED92699A385003D74DE /* Login */ = {
			isa = PBXGroup;
			children = (
				D6A9AEDA2699A3BC003D74DE /* Login.storyboard */,
				D6A9AEDC2699A3E7003D74DE /* LoginViewController.swift */,
				D67460C426A22EEE00CAD34D /* UserResponse.swift */,
				D67460C626A2C71C00CAD34D /* LoginService.swift */,
			);
			path = Login;
			sourceTree = "<group>";
		};
		D6CCCD5126B490EE0040B889 /* WriteReview */ = {
			isa = PBXGroup;
			children = (
				D6CCCD5226B491060040B889 /* WriteReview.storyboard */,
				D6CCCD5526B4911D0040B889 /* WriteReviewViewController.swift */,
			);
			path = WriteReview;
			sourceTree = "<group>";
		};
		D6CCCD5726B4A8270040B889 /* Utils */ = {
			isa = PBXGroup;
			children = (
				D6CCCD5826B4A8430040B889 /* UIViewControllerExtensions.swift */,
				D6204DD326B812E7009A38D2 /* NotificationExtesnsions.swift */,
			);
			path = Utils;
			sourceTree = "<group>";
		};
		E28608AA4D6B4EAF7221A870 /* Frameworks */ = {
			isa = PBXGroup;
			children = (
				567C6EE72ACF7F4E16ED19AE /* Pods_TV_Shows.framework */,
			);
			name = Frameworks;
			sourceTree = "<group>";
		};
		FD122DB7A20EF549A0ED4F23 /* Pods */ = {
			isa = PBXGroup;
			children = (
				E08EFF22396F43CB9626F1E6 /* Pods-TV Shows.debug.xcconfig */,
				EC3F3403AB6DF147A2B89253 /* Pods-TV Shows.release.xcconfig */,
			);
			path = Pods;
			sourceTree = "<group>";
		};
/* End PBXGroup section */

/* Begin PBXNativeTarget section */
		D609219426975F630025C29B /* TV Shows */ = {
			isa = PBXNativeTarget;
			buildConfigurationList = D60921A926975F640025C29B /* Build configuration list for PBXNativeTarget "TV Shows" */;
			buildPhases = (
				8D97169EB4C662515C407AEF /* [CP] Check Pods Manifest.lock */,
				D609219126975F630025C29B /* Sources */,
				D609219226975F630025C29B /* Frameworks */,
				D609219326975F630025C29B /* Resources */,
				7C4515FE9F5CF8C2F5E210D9 /* [CP] Embed Pods Frameworks */,
			);
			buildRules = (
			);
			dependencies = (
			);
			name = "TV Shows";
			productName = "TV Shows";
			productReference = D609219526975F630025C29B /* TV Shows.app */;
			productType = "com.apple.product-type.application";
		};
/* End PBXNativeTarget section */

/* Begin PBXProject section */
		D609218D26975F630025C29B /* Project object */ = {
			isa = PBXProject;
			attributes = {
				LastSwiftUpdateCheck = 1250;
				LastUpgradeCheck = 1250;
				TargetAttributes = {
					D609219426975F630025C29B = {
						CreatedOnToolsVersion = 12.5.1;
					};
				};
			};
			buildConfigurationList = D609219026975F630025C29B /* Build configuration list for PBXProject "TV Shows" */;
			compatibilityVersion = "Xcode 9.3";
			developmentRegion = en;
			hasScannedForEncodings = 0;
			knownRegions = (
				en,
				Base,
			);
			mainGroup = D609218C26975F630025C29B;
			productRefGroup = D609219626975F630025C29B /* Products */;
			projectDirPath = "";
			projectRoot = "";
			targets = (
				D609219426975F630025C29B /* TV Shows */,
			);
		};
/* End PBXProject section */

/* Begin PBXResourcesBuildPhase section */
		D609219326975F630025C29B /* Resources */ = {
			isa = PBXResourcesBuildPhase;
			buildActionMask = 2147483647;
			files = (
				D60921A526975F640025C29B /* LaunchScreen.storyboard in Resources */,
				D60921A226975F640025C29B /* Assets.xcassets in Resources */,
				D6CCCD5326B491060040B889 /* WriteReview.storyboard in Resources */,
				D6A9AEDB2699A3BC003D74DE /* Login.storyboard in Resources */,
				D674127A26B09560006FD98B /* ShowDetails.storyboard in Resources */,
				D66FEFE526B709E300D4D6C1 /* Profile.storyboard in Resources */,
				D67460C126A22DA800CAD34D /* Home.storyboard in Resources */,
			);
			runOnlyForDeploymentPostprocessing = 0;
		};
/* End PBXResourcesBuildPhase section */

/* Begin PBXShellScriptBuildPhase section */
		7C4515FE9F5CF8C2F5E210D9 /* [CP] Embed Pods Frameworks */ = {
			isa = PBXShellScriptBuildPhase;
			buildActionMask = 2147483647;
			files = (
			);
			inputFileListPaths = (
				"${PODS_ROOT}/Target Support Files/Pods-TV Shows/Pods-TV Shows-frameworks-${CONFIGURATION}-input-files.xcfilelist",
			);
			name = "[CP] Embed Pods Frameworks";
			outputFileListPaths = (
				"${PODS_ROOT}/Target Support Files/Pods-TV Shows/Pods-TV Shows-frameworks-${CONFIGURATION}-output-files.xcfilelist",
			);
			runOnlyForDeploymentPostprocessing = 0;
			shellPath = /bin/sh;
			shellScript = "\"${PODS_ROOT}/Target Support Files/Pods-TV Shows/Pods-TV Shows-frameworks.sh\"\n";
			showEnvVarsInLog = 0;
		};
		8D97169EB4C662515C407AEF /* [CP] Check Pods Manifest.lock */ = {
			isa = PBXShellScriptBuildPhase;
			buildActionMask = 2147483647;
			files = (
			);
			inputFileListPaths = (
			);
			inputPaths = (
				"${PODS_PODFILE_DIR_PATH}/Podfile.lock",
				"${PODS_ROOT}/Manifest.lock",
			);
			name = "[CP] Check Pods Manifest.lock";
			outputFileListPaths = (
			);
			outputPaths = (
				"$(DERIVED_FILE_DIR)/Pods-TV Shows-checkManifestLockResult.txt",
			);
			runOnlyForDeploymentPostprocessing = 0;
			shellPath = /bin/sh;
			shellScript = "diff \"${PODS_PODFILE_DIR_PATH}/Podfile.lock\" \"${PODS_ROOT}/Manifest.lock\" > /dev/null\nif [ $? != 0 ] ; then\n    # print error to STDERR\n    echo \"error: The sandbox is not in sync with the Podfile.lock. Run 'pod install' or update your CocoaPods installation.\" >&2\n    exit 1\nfi\n# This output is used by Xcode 'outputs' to avoid re-running this script phase.\necho \"SUCCESS\" > \"${SCRIPT_OUTPUT_FILE_0}\"\n";
			showEnvVarsInLog = 0;
		};
/* End PBXShellScriptBuildPhase section */

/* Begin PBXSourcesBuildPhase section */
		D609219126975F630025C29B /* Sources */ = {
			isa = PBXSourcesBuildPhase;
			buildActionMask = 2147483647;
			files = (
				D636924526A8A08900C71E4E /* HomeService.swift in Sources */,
				D67460CA26A2D6BD00CAD34D /* NetworkManager.swift in Sources */,
				D636924B26A8BB9800C71E4E /* TVShowItem.swift in Sources */,
				D67460C526A22EEE00CAD34D /* UserResponse.swift in Sources */,
				D6A9AEDD2699A3E7003D74DE /* LoginViewController.swift in Sources */,
				D609219926975F630025C29B /* AppDelegate.swift in Sources */,
				D66FEFE726B709EF00D4D6C1 /* ProfileViewController.swift in Sources */,
				D674127E26B0A07D006FD98B /* ReviewResponse.swift in Sources */,
				D63374AD26ADB23E00FCABA6 /* Constants.swift in Sources */,
				D674127526B094FD006FD98B /* RatingView.swift in Sources */,
				D636924926A8BA7000C71E4E /* TVShowTableViewCell.swift in Sources */,
				D6EFCC4726B15B0E00EB44DC /* ReviewViewCell.swift in Sources */,
				D66FEFE226B6FB8B00D4D6C1 /* KeychainService.swift in Sources */,
				D67460C326A22DB600CAD34D /* HomeViewController.swift in Sources */,
				D6CCCD5926B4A8430040B889 /* UIViewControllerExtensions.swift in Sources */,
				D67460C726A2C71C00CAD34D /* LoginService.swift in Sources */,
				D636924726A8A34D00C71E4E /* ShowResponse.swift in Sources */,
				D674127C26B0956E006FD98B /* ShowDetailsViewController.swift in Sources */,
				D674128026B0A11F006FD98B /* RatingService.swift in Sources */,
				D6204DD426B812E7009A38D2 /* NotificationExtesnsions.swift in Sources */,
				D6CCCD5626B4911D0040B889 /* WriteReviewViewController.swift in Sources */,
				D6C4745526A731C50027F7F5 /* AuthInfo.swift in Sources */,
				D674128226B0A52D006FD98B /* ShowDetailsTopTableViewCell.swift in Sources */,
			);
			runOnlyForDeploymentPostprocessing = 0;
		};
/* End PBXSourcesBuildPhase section */

/* Begin PBXVariantGroup section */
		D60921A326975F640025C29B /* LaunchScreen.storyboard */ = {
			isa = PBXVariantGroup;
			children = (
				D60921A426975F640025C29B /* Base */,
			);
			name = LaunchScreen.storyboard;
			sourceTree = "<group>";
		};
/* End PBXVariantGroup section */

/* Begin XCBuildConfiguration section */
		D60921A726975F640025C29B /* Debug */ = {
			isa = XCBuildConfiguration;
			buildSettings = {
				ALWAYS_SEARCH_USER_PATHS = NO;
				CLANG_ANALYZER_NONNULL = YES;
				CLANG_ANALYZER_NUMBER_OBJECT_CONVERSION = YES_AGGRESSIVE;
				CLANG_CXX_LANGUAGE_STANDARD = "gnu++14";
				CLANG_CXX_LIBRARY = "libc++";
				CLANG_ENABLE_MODULES = YES;
				CLANG_ENABLE_OBJC_ARC = YES;
				CLANG_ENABLE_OBJC_WEAK = YES;
				CLANG_WARN_BLOCK_CAPTURE_AUTORELEASING = YES;
				CLANG_WARN_BOOL_CONVERSION = YES;
				CLANG_WARN_COMMA = YES;
				CLANG_WARN_CONSTANT_CONVERSION = YES;
				CLANG_WARN_DEPRECATED_OBJC_IMPLEMENTATIONS = YES;
				CLANG_WARN_DIRECT_OBJC_ISA_USAGE = YES_ERROR;
				CLANG_WARN_DOCUMENTATION_COMMENTS = YES;
				CLANG_WARN_EMPTY_BODY = YES;
				CLANG_WARN_ENUM_CONVERSION = YES;
				CLANG_WARN_INFINITE_RECURSION = YES;
				CLANG_WARN_INT_CONVERSION = YES;
				CLANG_WARN_NON_LITERAL_NULL_CONVERSION = YES;
				CLANG_WARN_OBJC_IMPLICIT_RETAIN_SELF = YES;
				CLANG_WARN_OBJC_LITERAL_CONVERSION = YES;
				CLANG_WARN_OBJC_ROOT_CLASS = YES_ERROR;
				CLANG_WARN_QUOTED_INCLUDE_IN_FRAMEWORK_HEADER = YES;
				CLANG_WARN_RANGE_LOOP_ANALYSIS = YES;
				CLANG_WARN_STRICT_PROTOTYPES = YES;
				CLANG_WARN_SUSPICIOUS_MOVE = YES;
				CLANG_WARN_UNGUARDED_AVAILABILITY = YES_AGGRESSIVE;
				CLANG_WARN_UNREACHABLE_CODE = YES;
				CLANG_WARN__DUPLICATE_METHOD_MATCH = YES;
				COPY_PHASE_STRIP = NO;
				DEBUG_INFORMATION_FORMAT = dwarf;
				ENABLE_STRICT_OBJC_MSGSEND = YES;
				ENABLE_TESTABILITY = YES;
				GCC_C_LANGUAGE_STANDARD = gnu11;
				GCC_DYNAMIC_NO_PIC = NO;
				GCC_NO_COMMON_BLOCKS = YES;
				GCC_OPTIMIZATION_LEVEL = 0;
				GCC_PREPROCESSOR_DEFINITIONS = (
					"DEBUG=1",
					"$(inherited)",
				);
				GCC_WARN_64_TO_32_BIT_CONVERSION = YES;
				GCC_WARN_ABOUT_RETURN_TYPE = YES_ERROR;
				GCC_WARN_UNDECLARED_SELECTOR = YES;
				GCC_WARN_UNINITIALIZED_AUTOS = YES_AGGRESSIVE;
				GCC_WARN_UNUSED_FUNCTION = YES;
				GCC_WARN_UNUSED_VARIABLE = YES;
				IPHONEOS_DEPLOYMENT_TARGET = 12.1;
				MTL_ENABLE_DEBUG_INFO = INCLUDE_SOURCE;
				MTL_FAST_MATH = YES;
				ONLY_ACTIVE_ARCH = YES;
				SDKROOT = iphoneos;
				SWIFT_ACTIVE_COMPILATION_CONDITIONS = DEBUG;
				SWIFT_OPTIMIZATION_LEVEL = "-Onone";
			};
			name = Debug;
		};
		D60921A826975F640025C29B /* Release */ = {
			isa = XCBuildConfiguration;
			buildSettings = {
				ALWAYS_SEARCH_USER_PATHS = NO;
				CLANG_ANALYZER_NONNULL = YES;
				CLANG_ANALYZER_NUMBER_OBJECT_CONVERSION = YES_AGGRESSIVE;
				CLANG_CXX_LANGUAGE_STANDARD = "gnu++14";
				CLANG_CXX_LIBRARY = "libc++";
				CLANG_ENABLE_MODULES = YES;
				CLANG_ENABLE_OBJC_ARC = YES;
				CLANG_ENABLE_OBJC_WEAK = YES;
				CLANG_WARN_BLOCK_CAPTURE_AUTORELEASING = YES;
				CLANG_WARN_BOOL_CONVERSION = YES;
				CLANG_WARN_COMMA = YES;
				CLANG_WARN_CONSTANT_CONVERSION = YES;
				CLANG_WARN_DEPRECATED_OBJC_IMPLEMENTATIONS = YES;
				CLANG_WARN_DIRECT_OBJC_ISA_USAGE = YES_ERROR;
				CLANG_WARN_DOCUMENTATION_COMMENTS = YES;
				CLANG_WARN_EMPTY_BODY = YES;
				CLANG_WARN_ENUM_CONVERSION = YES;
				CLANG_WARN_INFINITE_RECURSION = YES;
				CLANG_WARN_INT_CONVERSION = YES;
				CLANG_WARN_NON_LITERAL_NULL_CONVERSION = YES;
				CLANG_WARN_OBJC_IMPLICIT_RETAIN_SELF = YES;
				CLANG_WARN_OBJC_LITERAL_CONVERSION = YES;
				CLANG_WARN_OBJC_ROOT_CLASS = YES_ERROR;
				CLANG_WARN_QUOTED_INCLUDE_IN_FRAMEWORK_HEADER = YES;
				CLANG_WARN_RANGE_LOOP_ANALYSIS = YES;
				CLANG_WARN_STRICT_PROTOTYPES = YES;
				CLANG_WARN_SUSPICIOUS_MOVE = YES;
				CLANG_WARN_UNGUARDED_AVAILABILITY = YES_AGGRESSIVE;
				CLANG_WARN_UNREACHABLE_CODE = YES;
				CLANG_WARN__DUPLICATE_METHOD_MATCH = YES;
				COPY_PHASE_STRIP = NO;
				DEBUG_INFORMATION_FORMAT = "dwarf-with-dsym";
				ENABLE_NS_ASSERTIONS = NO;
				ENABLE_STRICT_OBJC_MSGSEND = YES;
				GCC_C_LANGUAGE_STANDARD = gnu11;
				GCC_NO_COMMON_BLOCKS = YES;
				GCC_WARN_64_TO_32_BIT_CONVERSION = YES;
				GCC_WARN_ABOUT_RETURN_TYPE = YES_ERROR;
				GCC_WARN_UNDECLARED_SELECTOR = YES;
				GCC_WARN_UNINITIALIZED_AUTOS = YES_AGGRESSIVE;
				GCC_WARN_UNUSED_FUNCTION = YES;
				GCC_WARN_UNUSED_VARIABLE = YES;
				IPHONEOS_DEPLOYMENT_TARGET = 12.1;
				MTL_ENABLE_DEBUG_INFO = NO;
				MTL_FAST_MATH = YES;
				SDKROOT = iphoneos;
				SWIFT_COMPILATION_MODE = wholemodule;
				SWIFT_OPTIMIZATION_LEVEL = "-O";
				VALIDATE_PRODUCT = YES;
			};
			name = Release;
		};
		D60921AA26975F640025C29B /* Debug */ = {
			isa = XCBuildConfiguration;
			baseConfigurationReference = E08EFF22396F43CB9626F1E6 /* Pods-TV Shows.debug.xcconfig */;
			buildSettings = {
				ASSETCATALOG_COMPILER_APPICON_NAME = AppIcon;
				ASSETCATALOG_COMPILER_GLOBAL_ACCENT_COLOR_NAME = AccentColor;
				CODE_SIGN_STYLE = Automatic;
				DEVELOPMENT_TEAM = NNHSVX7MPH;
				INFOPLIST_FILE = "TV Shows/Info.plist";
				LD_RUNPATH_SEARCH_PATHS = (
					"$(inherited)",
					"@executable_path/Frameworks",
				);
				PRODUCT_BUNDLE_IDENTIFIER = "com.infinum.academy.puhalovicm.TV-Shows";
				PRODUCT_NAME = "$(TARGET_NAME)";
				SWIFT_VERSION = 5.0;
				TARGETED_DEVICE_FAMILY = "1,2";
			};
			name = Debug;
		};
		D60921AB26975F640025C29B /* Release */ = {
			isa = XCBuildConfiguration;
			baseConfigurationReference = EC3F3403AB6DF147A2B89253 /* Pods-TV Shows.release.xcconfig */;
			buildSettings = {
				ASSETCATALOG_COMPILER_APPICON_NAME = AppIcon;
				ASSETCATALOG_COMPILER_GLOBAL_ACCENT_COLOR_NAME = AccentColor;
				CODE_SIGN_STYLE = Automatic;
				DEVELOPMENT_TEAM = NNHSVX7MPH;
				INFOPLIST_FILE = "TV Shows/Info.plist";
				LD_RUNPATH_SEARCH_PATHS = (
					"$(inherited)",
					"@executable_path/Frameworks",
				);
				PRODUCT_BUNDLE_IDENTIFIER = "com.infinum.academy.puhalovicm.TV-Shows";
				PRODUCT_NAME = "$(TARGET_NAME)";
				SWIFT_VERSION = 5.0;
				TARGETED_DEVICE_FAMILY = "1,2";
			};
			name = Release;
		};
/* End XCBuildConfiguration section */

/* Begin XCConfigurationList section */
		D609219026975F630025C29B /* Build configuration list for PBXProject "TV Shows" */ = {
			isa = XCConfigurationList;
			buildConfigurations = (
				D60921A726975F640025C29B /* Debug */,
				D60921A826975F640025C29B /* Release */,
			);
			defaultConfigurationIsVisible = 0;
			defaultConfigurationName = Release;
		};
		D60921A926975F640025C29B /* Build configuration list for PBXNativeTarget "TV Shows" */ = {
			isa = XCConfigurationList;
			buildConfigurations = (
				D60921AA26975F640025C29B /* Debug */,
				D60921AB26975F640025C29B /* Release */,
			);
			defaultConfigurationIsVisible = 0;
			defaultConfigurationName = Release;
		};
/* End XCConfigurationList section */
	};
	rootObject = D609218D26975F630025C29B /* Project object */;
}
